
Microsoft Visual Studio Solution File, Format Version 12.00
# Visual Studio Version 17
VisualStudioVersion = 17.4.33110.190
MinimumVisualStudioVersion = 10.0.40219.1
Project("{FAE04EC0-301F-11D3-BF4B-00C04F79EFBC}") = "DdddOCR", "DdddOCR.csproj", "{D50F6F46-B2DD-4474-833E-E208BB6E5176}"
EndProject
Project("{FAE04EC0-301F-11D3-BF4B-00C04F79EFBC}") = "DdddOCR.Test", "Sln\DdddOCR.Test\DdddOCR.Test.csproj", "{AC74D7E5-4989-44BE-81CE-A8735B84F2CB}"
EndProject
Global
	GlobalSection(SolutionConfigurationPlatforms) = preSolution
		Debug|Any CPU = Debug|Any CPU
		Release|Any CPU = Release|Any CPU
	EndGlobalSection
	GlobalSection(ProjectConfigurationPlatforms) = postSolution
		{D50F6F46-B2DD-4474-833E-E208BB6E5176}.Debug|Any CPU.ActiveCfg = Debug|Any CPU
		{D50F6F46-B2DD-4474-833E-E208BB6E5176}.Debug|Any CPU.Build.0 = Debug|Any CPU
		{D50F6F46-B2DD-4474-833E-E208BB6E5176}.Release|Any CPU.ActiveCfg = Release|Any CPU
		{D50F6F46-B2DD-4474-833E-E208BB6E5176}.Release|Any CPU.Build.0 = Release|Any CPU
		{AC74D7E5-4989-44BE-81CE-A8735B84F2CB}.Debug|Any CPU.ActiveCfg = Debug|Any CPU
		{AC74D7E5-4989-44BE-81CE-A8735B84F2CB}.Debug|Any CPU.Build.0 = Debug|Any CPU
		{AC74D7E5-4989-44BE-81CE-A8735B84F2CB}.Release|Any CPU.ActiveCfg = Release|Any CPU
		{AC74D7E5-4989-44BE-81CE-A8735B84F2CB}.Release|Any CPU.Build.0 = Release|Any CPU
	EndGlobalSection
	GlobalSection(SolutionProperties) = preSolution
		HideSolutionNode = FALSE
	EndGlobalSection
	GlobalSection(ExtensibilityGlobals) = postSolution
		SolutionGuid = {C7BD87A2-B94D-4D0C-BBA2-993206163910}
	EndGlobalSection
EndGlobal
